// !$*UTF8*$!
{
	archiveVersion = 1;
	classes = {
	};
	objectVersion = 46;
	objects = {

/* Begin PBXBuildFile section */
		473932BD7CFE8E39B3E7357E /* libPods-FindHouse.a in Frameworks */ = {isa = PBXBuildFile; fileRef = A8F3FF9331631B2039D0CA0F /* libPods-FindHouse.a */; };
		6D3435741DD4166400EF90E3 /* YYDropDownMenu.m in Sources */ = {isa = PBXBuildFile; fileRef = 6D3435731DD4166400EF90E3 /* YYDropDownMenu.m */; };
		6D3435771DD4219600EF90E3 /* YYAreaDataModel.m in Sources */ = {isa = PBXBuildFile; fileRef = 6D3435761DD4219600EF90E3 /* YYAreaDataModel.m */; };
		6D3435791DD421DD00EF90E3 /* Area.txt in Resources */ = {isa = PBXBuildFile; fileRef = 6D3435781DD421DD00EF90E3 /* Area.txt */; };
		6D34357C1DD4478D00EF90E3 /* CXSearchHouseCell.m in Sources */ = {isa = PBXBuildFile; fileRef = 6D34357B1DD4478D00EF90E3 /* CXSearchHouseCell.m */; };
		6D3435801DD45ADA00EF90E3 /* CXOpenCityViewController.m in Sources */ = {isa = PBXBuildFile; fileRef = 6D34357F1DD45ADA00EF90E3 /* CXOpenCityViewController.m */; };
		6D3435841DD46D4500EF90E3 /* CXLoginViewController.m in Sources */ = {isa = PBXBuildFile; fileRef = 6D3435831DD46D4500EF90E3 /* CXLoginViewController.m */; };
		6D3435881DD4863D00EF90E3 /* CXLoginInputView.m in Sources */ = {isa = PBXBuildFile; fileRef = 6D3435871DD4863D00EF90E3 /* CXLoginInputView.m */; };
		6D3C00461DD023020029A37F /* CXBaseDataModel.m in Sources */ = {isa = PBXBuildFile; fileRef = 6D3CFFE91DD023020029A37F /* CXBaseDataModel.m */; };
		6D3C00471DD023020029A37F /* CXBaseImageView.m in Sources */ = {isa = PBXBuildFile; fileRef = 6D3CFFEB1DD023020029A37F /* CXBaseImageView.m */; };
		6D3C00481DD023020029A37F /* CXBaseLabel.m in Sources */ = {isa = PBXBuildFile; fileRef = 6D3CFFED1DD023020029A37F /* CXBaseLabel.m */; };
		6D3C00491DD023020029A37F /* CXBaseNavigationController.m in Sources */ = {isa = PBXBuildFile; fileRef = 6D3CFFEF1DD023020029A37F /* CXBaseNavigationController.m */; };
		6D3C004B1DD023020029A37F /* CXBaseTableView.m in Sources */ = {isa = PBXBuildFile; fileRef = 6D3CFFF31DD023020029A37F /* CXBaseTableView.m */; };
		6D3C004C1DD023020029A37F /* CXBaseTableViewCell.m in Sources */ = {isa = PBXBuildFile; fileRef = 6D3CFFF51DD023020029A37F /* CXBaseTableViewCell.m */; };
		6D3C004D1DD023020029A37F /* CXBaseTextField.m in Sources */ = {isa = PBXBuildFile; fileRef = 6D3CFFF71DD023020029A37F /* CXBaseTextField.m */; };
		6D3C004E1DD023020029A37F /* CXBaseView.m in Sources */ = {isa = PBXBuildFile; fileRef = 6D3CFFF91DD023020029A37F /* CXBaseView.m */; };
		6D3C004F1DD023020029A37F /* CXBaseViewController.m in Sources */ = {isa = PBXBuildFile; fileRef = 6D3CFFFB1DD023020029A37F /* CXBaseViewController.m */; };
		6D3C00501DD023020029A37F /* NSDate+CXDate.m in Sources */ = {isa = PBXBuildFile; fileRef = 6D3CFFFE1DD023020029A37F /* NSDate+CXDate.m */; };
		6D3C00511DD023020029A37F /* NSMutableDictionary+CXMutableDictionary.m in Sources */ = {isa = PBXBuildFile; fileRef = 6D3C00001DD023020029A37F /* NSMutableDictionary+CXMutableDictionary.m */; };
		6D3C00521DD023020029A37F /* NSString+CXString.m in Sources */ = {isa = PBXBuildFile; fileRef = 6D3C00021DD023020029A37F /* NSString+CXString.m */; };
		6D3C00531DD023020029A37F /* UIImageView+CXWebImageView.m in Sources */ = {isa = PBXBuildFile; fileRef = 6D3C00041DD023020029A37F /* UIImageView+CXWebImageView.m */; };
		6D3C00541DD023020029A37F /* UIView+CXView.m in Sources */ = {isa = PBXBuildFile; fileRef = 6D3C00061DD023020029A37F /* UIView+CXView.m */; };
		6D3C00551DD023020029A37F /* UIViewController+CXViewController.m in Sources */ = {isa = PBXBuildFile; fileRef = 6D3C00081DD023020029A37F /* UIViewController+CXViewController.m */; };
		6D3C00561DD023020029A37F /* CXAddImageSingleView.m in Sources */ = {isa = PBXBuildFile; fileRef = 6D3C000B1DD023020029A37F /* CXAddImageSingleView.m */; };
		6D3C00571DD023020029A37F /* CXAddImageView.m in Sources */ = {isa = PBXBuildFile; fileRef = 6D3C000D1DD023020029A37F /* CXAddImageView.m */; };
		6D3C00581DD023020029A37F /* CXInsetsField.m in Sources */ = {isa = PBXBuildFile; fileRef = 6D3C000F1DD023020029A37F /* CXInsetsField.m */; };
		6D3C00591DD023020029A37F /* CXUser.m in Sources */ = {isa = PBXBuildFile; fileRef = 6D3C00111DD023020029A37F /* CXUser.m */; };
		6D3C005A1DD023020029A37F /* CXUserInfoDataModel.m in Sources */ = {isa = PBXBuildFile; fileRef = 6D3C00131DD023020029A37F /* CXUserInfoDataModel.m */; };
		6D3C005B1DD023020029A37F /* RunImageScrollView.m in Sources */ = {isa = PBXBuildFile; fileRef = 6D3C00151DD023020029A37F /* RunImageScrollView.m */; settings = {COMPILER_FLAGS = "-fno-objc-arc"; }; };
		6D3C005D1DD023020029A37F /* YYViewPicturesScrollView.m in Sources */ = {isa = PBXBuildFile; fileRef = 6D3C00191DD023020029A37F /* YYViewPicturesScrollView.m */; };
		6D3C005E1DD023020029A37F /* YYViewPicturesZoomScrollView.m in Sources */ = {isa = PBXBuildFile; fileRef = 6D3C001B1DD023020029A37F /* YYViewPicturesZoomScrollView.m */; };
		6D3C005F1DD023020029A37F /* emoticons.plist in Resources */ = {isa = PBXBuildFile; fileRef = 6D3C00221DD023020029A37F /* emoticons.plist */; };
		6D3C00621DD023020029A37F /* GWLPhotoGroupDetailController.m in Sources */ = {isa = PBXBuildFile; fileRef = 6D3C002B1DD023020029A37F /* GWLPhotoGroupDetailController.m */; };
		6D3C00631DD023020029A37F /* GWLPhotoGroupTableViewController.m in Sources */ = {isa = PBXBuildFile; fileRef = 6D3C002D1DD023020029A37F /* GWLPhotoGroupTableViewController.m */; };
		6D3C00641DD023020029A37F /* GWLPhotoLibrayController.m in Sources */ = {isa = PBXBuildFile; fileRef = 6D3C002F1DD023020029A37F /* GWLPhotoLibrayController.m */; };
		6D3C00651DD023020029A37F /* GWLPhotoSelector.bundle in Resources */ = {isa = PBXBuildFile; fileRef = 6D3C00301DD023020029A37F /* GWLPhotoSelector.bundle */; };
		6D3C006A1DD023020029A37F /* JSONKit.m in Sources */ = {isa = PBXBuildFile; fileRef = 6D3C003D1DD023020029A37F /* JSONKit.m */; settings = {COMPILER_FLAGS = "-fno-objc-arc"; }; };
		6D3C006B1DD023020029A37F /* TPKeyboardAvoidingScrollView.m in Sources */ = {isa = PBXBuildFile; fileRef = 6D3C00401DD023020029A37F /* TPKeyboardAvoidingScrollView.m */; };
		6D3C006C1DD023020029A37F /* TPKeyboardAvoidingTableView.m in Sources */ = {isa = PBXBuildFile; fileRef = 6D3C00421DD023020029A37F /* TPKeyboardAvoidingTableView.m */; };
		6D3C006D1DD023020029A37F /* UIScrollView+TPKeyboardAvoidingAdditions.m in Sources */ = {isa = PBXBuildFile; fileRef = 6D3C00441DD023020029A37F /* UIScrollView+TPKeyboardAvoidingAdditions.m */; };
		6D3C00731DD029340029A37F /* CXRootViewController.m in Sources */ = {isa = PBXBuildFile; fileRef = 6D3C00721DD029340029A37F /* CXRootViewController.m */; };
		6D3C00791DD02A3E0029A37F /* CXHomeViewController.m in Sources */ = {isa = PBXBuildFile; fileRef = 6D3C00781DD02A3E0029A37F /* CXHomeViewController.m */; };
		6D3C007C1DD02A450029A37F /* CXMessageViewController.m in Sources */ = {isa = PBXBuildFile; fileRef = 6D3C007B1DD02A450029A37F /* CXMessageViewController.m */; };
		6D3C007F1DD02A4B0029A37F /* CXMineViewController.m in Sources */ = {isa = PBXBuildFile; fileRef = 6D3C007E1DD02A4B0029A37F /* CXMineViewController.m */; };
		6D3C00831DD031B20029A37F /* CXHomeNavigationBarView.m in Sources */ = {isa = PBXBuildFile; fileRef = 6D3C00821DD031B20029A37F /* CXHomeNavigationBarView.m */; };
		6D3C00861DD05A710029A37F /* CXHomeSearchView.m in Sources */ = {isa = PBXBuildFile; fileRef = 6D3C00851DD05A710029A37F /* CXHomeSearchView.m */; };
		6D3C00891DD05ECD0029A37F /* CXHomeFunctionCell.m in Sources */ = {isa = PBXBuildFile; fileRef = 6D3C00881DD05ECD0029A37F /* CXHomeFunctionCell.m */; };
		6D3C008C1DD05F780029A37F /* CXLeftImageFunctionView.m in Sources */ = {isa = PBXBuildFile; fileRef = 6D3C008B1DD05F780029A37F /* CXLeftImageFunctionView.m */; };
		6D3C00961DD066260029A37F /* CXGetDataTool.m in Sources */ = {isa = PBXBuildFile; fileRef = 6D3C008F1DD066260029A37F /* CXGetDataTool.m */; };
		6D3C00971DD066260029A37F /* CXGlobalTool.m in Sources */ = {isa = PBXBuildFile; fileRef = 6D3C00911DD066260029A37F /* CXGlobalTool.m */; };
		6D3C00981DD066260029A37F /* CXNetworkingTool.m in Sources */ = {isa = PBXBuildFile; fileRef = 6D3C00931DD066260029A37F /* CXNetworkingTool.m */; };
		6D3C00991DD066260029A37F /* CXProcessDataTool.m in Sources */ = {isa = PBXBuildFile; fileRef = 6D3C00951DD066260029A37F /* CXProcessDataTool.m */; };
		6D3C009C1DD068870029A37F /* CXUpImageFunctionView.m in Sources */ = {isa = PBXBuildFile; fileRef = 6D3C009B1DD068870029A37F /* CXUpImageFunctionView.m */; };
		6D3C009F1DD06F850029A37F /* CXHomeCityMarketCell.m in Sources */ = {isa = PBXBuildFile; fileRef = 6D3C009E1DD06F850029A37F /* CXHomeCityMarketCell.m */; };
		6D3C00A21DD0717D0029A37F /* CXHomeMarketView.m in Sources */ = {isa = PBXBuildFile; fileRef = 6D3C00A11DD0717D0029A37F /* CXHomeMarketView.m */; };
		6D3C00A91DD07F1F0029A37F /* CXMineHeaderView.m in Sources */ = {isa = PBXBuildFile; fileRef = 6D3C00A81DD07F1F0029A37F /* CXMineHeaderView.m */; };
		6D3C00AC1DD081990029A37F /* CXMineNormalCell.m in Sources */ = {isa = PBXBuildFile; fileRef = 6D3C00AB1DD081990029A37F /* CXMineNormalCell.m */; };
		6D3C00B01DD08ACF0029A37F /* CXMessageNormalCell.m in Sources */ = {isa = PBXBuildFile; fileRef = 6D3C00AF1DD08ACF0029A37F /* CXMessageNormalCell.m */; };
		6D3C00B41DD095A80029A37F /* CXSearchHouseViewController.m in Sources */ = {isa = PBXBuildFile; fileRef = 6D3C00B31DD095A80029A37F /* CXSearchHouseViewController.m */; };
		6D3C00B81DD099E60029A37F /* CXSearchView.m in Sources */ = {isa = PBXBuildFile; fileRef = 6D3C00B71DD099E60029A37F /* CXSearchView.m */; };
		6D3CFFD01DD0209C0029A37F /* main.m in Sources */ = {isa = PBXBuildFile; fileRef = 6D3CFFCF1DD0209C0029A37F /* main.m */; };
		6D3CFFD31DD0209C0029A37F /* AppDelegate.m in Sources */ = {isa = PBXBuildFile; fileRef = 6D3CFFD21DD0209C0029A37F /* AppDelegate.m */; };
		6D3CFFDB1DD0209C0029A37F /* Assets.xcassets in Resources */ = {isa = PBXBuildFile; fileRef = 6D3CFFDA1DD0209C0029A37F /* Assets.xcassets */; };
		6D8CEC061DD56CCC0048F800 /* CXHouseDetailViewController.m in Sources */ = {isa = PBXBuildFile; fileRef = 6D8CEC051DD56CCC0048F800 /* CXHouseDetailViewController.m */; };
		6D8CEC0A1DD5A89C0048F800 /* CXHouseMessageCell.m in Sources */ = {isa = PBXBuildFile; fileRef = 6D8CEC091DD5A89C0048F800 /* CXHouseMessageCell.m */; };
		6D8CEC0D1DD5BBEA0048F800 /* CXHouseTapLabel.m in Sources */ = {isa = PBXBuildFile; fileRef = 6D8CEC0C1DD5BBEA0048F800 /* CXHouseTapLabel.m */; };
		6D8CEC101DD5C9A80048F800 /* CXHouseVerifyHeaderView.m in Sources */ = {isa = PBXBuildFile; fileRef = 6D8CEC0F1DD5C9A70048F800 /* CXHouseVerifyHeaderView.m */; };
		6D8CEC131DD5D3350048F800 /* CXHouseCommentCell.m in Sources */ = {isa = PBXBuildFile; fileRef = 6D8CEC121DD5D3350048F800 /* CXHouseCommentCell.m */; };
/* End PBXBuildFile section */

/* Begin PBXFileReference section */
		6C1DA4296E82D2C682861CFD /* Pods-FindHouse.debug.xcconfig */ = {isa = PBXFileReference; includeInIndex = 1; lastKnownFileType = text.xcconfig; name = "Pods-FindHouse.debug.xcconfig"; path = "Pods/Target Support Files/Pods-FindHouse/Pods-FindHouse.debug.xcconfig"; sourceTree = "<group>"; };
		6D3435721DD4166400EF90E3 /* YYDropDownMenu.h */ = {isa = PBXFileReference; fileEncoding = 4; lastKnownFileType = sourcecode.c.h; path = YYDropDownMenu.h; sourceTree = "<group>"; };
		6D3435731DD4166400EF90E3 /* YYDropDownMenu.m */ = {isa = PBXFileReference; fileEncoding = 4; lastKnownFileType = sourcecode.c.objc; path = YYDropDownMenu.m; sourceTree = "<group>"; };
		6D3435751DD4219600EF90E3 /* YYAreaDataModel.h */ = {isa = PBXFileReference; fileEncoding = 4; lastKnownFileType = sourcecode.c.h; path = YYAreaDataModel.h; sourceTree = "<group>"; };
		6D3435761DD4219600EF90E3 /* YYAreaDataModel.m */ = {isa = PBXFileReference; fileEncoding = 4; lastKnownFileType = sourcecode.c.objc; path = YYAreaDataModel.m; sourceTree = "<group>"; };
		6D3435781DD421DD00EF90E3 /* Area.txt */ = {isa = PBXFileReference; fileEncoding = 4; lastKnownFileType = text; path = Area.txt; sourceTree = "<group>"; };
		6D34357A1DD4478D00EF90E3 /* CXSearchHouseCell.h */ = {isa = PBXFileReference; fileEncoding = 4; lastKnownFileType = sourcecode.c.h; path = CXSearchHouseCell.h; sourceTree = "<group>"; };
		6D34357B1DD4478D00EF90E3 /* CXSearchHouseCell.m */ = {isa = PBXFileReference; fileEncoding = 4; lastKnownFileType = sourcecode.c.objc; path = CXSearchHouseCell.m; sourceTree = "<group>"; };
		6D34357E1DD45ADA00EF90E3 /* CXOpenCityViewController.h */ = {isa = PBXFileReference; fileEncoding = 4; lastKnownFileType = sourcecode.c.h; path = CXOpenCityViewController.h; sourceTree = "<group>"; };
		6D34357F1DD45ADA00EF90E3 /* CXOpenCityViewController.m */ = {isa = PBXFileReference; fileEncoding = 4; lastKnownFileType = sourcecode.c.objc; path = CXOpenCityViewController.m; sourceTree = "<group>"; };
		6D3435821DD46D4500EF90E3 /* CXLoginViewController.h */ = {isa = PBXFileReference; fileEncoding = 4; lastKnownFileType = sourcecode.c.h; path = CXLoginViewController.h; sourceTree = "<group>"; };
		6D3435831DD46D4500EF90E3 /* CXLoginViewController.m */ = {isa = PBXFileReference; fileEncoding = 4; lastKnownFileType = sourcecode.c.objc; path = CXLoginViewController.m; sourceTree = "<group>"; };
		6D3435861DD4863D00EF90E3 /* CXLoginInputView.h */ = {isa = PBXFileReference; fileEncoding = 4; lastKnownFileType = sourcecode.c.h; path = CXLoginInputView.h; sourceTree = "<group>"; };
		6D3435871DD4863D00EF90E3 /* CXLoginInputView.m */ = {isa = PBXFileReference; fileEncoding = 4; lastKnownFileType = sourcecode.c.objc; path = CXLoginInputView.m; sourceTree = "<group>"; };
		6D3C00001DD023020029A37F /* NSMutableDictionary+CXMutableDictionary.m */ = {isa = PBXFileReference; fileEncoding = 4; lastKnownFileType = sourcecode.c.objc; path = "NSMutableDictionary+CXMutableDictionary.m"; sourceTree = "<group>"; };
		6D3C00011DD023020029A37F /* NSString+CXString.h */ = {isa = PBXFileReference; fileEncoding = 4; lastKnownFileType = sourcecode.c.h; path = "NSString+CXString.h"; sourceTree = "<group>"; };
		6D3C00021DD023020029A37F /* NSString+CXString.m */ = {isa = PBXFileReference; fileEncoding = 4; lastKnownFileType = sourcecode.c.objc; path = "NSString+CXString.m"; sourceTree = "<group>"; };
		6D3C00031DD023020029A37F /* UIImageView+CXWebImageView.h */ = {isa = PBXFileReference; fileEncoding = 4; lastKnownFileType = sourcecode.c.h; path = "UIImageView+CXWebImageView.h"; sourceTree = "<group>"; };
		6D3C00041DD023020029A37F /* UIImageView+CXWebImageView.m */ = {isa = PBXFileReference; fileEncoding = 4; lastKnownFileType = sourcecode.c.objc; path = "UIImageView+CXWebImageView.m"; sourceTree = "<group>"; };
		6D3C00051DD023020029A37F /* UIView+CXView.h */ = {isa = PBXFileReference; fileEncoding = 4; lastKnownFileType = sourcecode.c.h; path = "UIView+CXView.h"; sourceTree = "<group>"; };
		6D3C00061DD023020029A37F /* UIView+CXView.m */ = {isa = PBXFileReference; fileEncoding = 4; lastKnownFileType = sourcecode.c.objc; path = "UIView+CXView.m"; sourceTree = "<group>"; };
		6D3C00071DD023020029A37F /* UIViewController+CXViewController.h */ = {isa = PBXFileReference; fileEncoding = 4; lastKnownFileType = sourcecode.c.h; path = "UIViewController+CXViewController.h"; sourceTree = "<group>"; };
		6D3C00081DD023020029A37F /* UIViewController+CXViewController.m */ = {isa = PBXFileReference; fileEncoding = 4; lastKnownFileType = sourcecode.c.objc; path = "UIViewController+CXViewController.m"; sourceTree = "<group>"; };
		6D3C000A1DD023020029A37F /* CXAddImageSingleView.h */ = {isa = PBXFileReference; fileEncoding = 4; lastKnownFileType = sourcecode.c.h; path = CXAddImageSingleView.h; sourceTree = "<group>"; };
		6D3C000B1DD023020029A37F /* CXAddImageSingleView.m */ = {isa = PBXFileReference; fileEncoding = 4; lastKnownFileType = sourcecode.c.objc; path = CXAddImageSingleView.m; sourceTree = "<group>"; };
		6D3C000C1DD023020029A37F /* CXAddImageView.h */ = {isa = PBXFileReference; fileEncoding = 4; lastKnownFileType = sourcecode.c.h; path = CXAddImageView.h; sourceTree = "<group>"; };
		6D3C000D1DD023020029A37F /* CXAddImageView.m */ = {isa = PBXFileReference; fileEncoding = 4; lastKnownFileType = sourcecode.c.objc; path = CXAddImageView.m; sourceTree = "<group>"; };
		6D3C000E1DD023020029A37F /* CXInsetsField.h */ = {isa = PBXFileReference; fileEncoding = 4; lastKnownFileType = sourcecode.c.h; path = CXInsetsField.h; sourceTree = "<group>"; };
		6D3C000F1DD023020029A37F /* CXInsetsField.m */ = {isa = PBXFileReference; fileEncoding = 4; lastKnownFileType = sourcecode.c.objc; path = CXInsetsField.m; sourceTree = "<group>"; };
		6D3C00101DD023020029A37F /* CXUser.h */ = {isa = PBXFileReference; fileEncoding = 4; lastKnownFileType = sourcecode.c.h; path = CXUser.h; sourceTree = "<group>"; };
		6D3C00111DD023020029A37F /* CXUser.m */ = {isa = PBXFileReference; fileEncoding = 4; lastKnownFileType = sourcecode.c.objc; path = CXUser.m; sourceTree = "<group>"; };
		6D3C00121DD023020029A37F /* CXUserInfoDataModel.h */ = {isa = PBXFileReference; fileEncoding = 4; lastKnownFileType = sourcecode.c.h; path = CXUserInfoDataModel.h; sourceTree = "<group>"; };
		6D3C00131DD023020029A37F /* CXUserInfoDataModel.m */ = {isa = PBXFileReference; fileEncoding = 4; lastKnownFileType = sourcecode.c.objc; path = CXUserInfoDataModel.m; sourceTree = "<group>"; };
		6D3C00141DD023020029A37F /* RunImageScrollView.h */ = {isa = PBXFileReference; fileEncoding = 4; lastKnownFileType = sourcecode.c.h; path = RunImageScrollView.h; sourceTree = "<group>"; };
		6D3C00151DD023020029A37F /* RunImageScrollView.m */ = {isa = PBXFileReference; fileEncoding = 4; lastKnownFileType = sourcecode.c.objc; path = RunImageScrollView.m; sourceTree = "<group>"; };
		6D3C00181DD023020029A37F /* YYViewPicturesScrollView.h */ = {isa = PBXFileReference; fileEncoding = 4; lastKnownFileType = sourcecode.c.h; path = YYViewPicturesScrollView.h; sourceTree = "<group>"; };
		6D3C00191DD023020029A37F /* YYViewPicturesScrollView.m */ = {isa = PBXFileReference; fileEncoding = 4; lastKnownFileType = sourcecode.c.objc; path = YYViewPicturesScrollView.m; sourceTree = "<group>"; };
		6D3C001A1DD023020029A37F /* YYViewPicturesZoomScrollView.h */ = {isa = PBXFileReference; fileEncoding = 4; lastKnownFileType = sourcecode.c.h; path = YYViewPicturesZoomScrollView.h; sourceTree = "<group>"; };
		6D3C001B1DD023020029A37F /* YYViewPicturesZoomScrollView.m */ = {isa = PBXFileReference; fileEncoding = 4; lastKnownFileType = sourcecode.c.objc; path = YYViewPicturesZoomScrollView.m; sourceTree = "<group>"; };
		6D3C001E1DD023020029A37F /* CXColor.h */ = {isa = PBXFileReference; fileEncoding = 4; lastKnownFileType = sourcecode.c.h; path = CXColor.h; sourceTree = "<group>"; };
		6D3C001F1DD023020029A37F /* CXInterface.h */ = {isa = PBXFileReference; fileEncoding = 4; lastKnownFileType = sourcecode.c.h; path = CXInterface.h; sourceTree = "<group>"; };
		6D3C00201DD023020029A37F /* CXNotification.h */ = {isa = PBXFileReference; fileEncoding = 4; lastKnownFileType = sourcecode.c.h; path = CXNotification.h; sourceTree = "<group>"; };
		6D3C00211DD023020029A37F /* CXUserDefault.h */ = {isa = PBXFileReference; fileEncoding = 4; lastKnownFileType = sourcecode.c.h; path = CXUserDefault.h; sourceTree = "<group>"; };
		6D3C00221DD023020029A37F /* emoticons.plist */ = {isa = PBXFileReference; fileEncoding = 4; lastKnownFileType = text.plist.xml; path = emoticons.plist; sourceTree = "<group>"; };
		6D3C002A1DD023020029A37F /* GWLPhotoGroupDetailController.h */ = {isa = PBXFileReference; fileEncoding = 4; lastKnownFileType = sourcecode.c.h; path = GWLPhotoGroupDetailController.h; sourceTree = "<group>"; };
		6D3C002B1DD023020029A37F /* GWLPhotoGroupDetailController.m */ = {isa = PBXFileReference; fileEncoding = 4; lastKnownFileType = sourcecode.c.objc; path = GWLPhotoGroupDetailController.m; sourceTree = "<group>"; };
		6D3C002C1DD023020029A37F /* GWLPhotoGroupTableViewController.h */ = {isa = PBXFileReference; fileEncoding = 4; lastKnownFileType = sourcecode.c.h; path = GWLPhotoGroupTableViewController.h; sourceTree = "<group>"; };
		6D3C002D1DD023020029A37F /* GWLPhotoGroupTableViewController.m */ = {isa = PBXFileReference; fileEncoding = 4; lastKnownFileType = sourcecode.c.objc; path = GWLPhotoGroupTableViewController.m; sourceTree = "<group>"; };
		6D3C002E1DD023020029A37F /* GWLPhotoLibrayController.h */ = {isa = PBXFileReference; fileEncoding = 4; lastKnownFileType = sourcecode.c.h; path = GWLPhotoLibrayController.h; sourceTree = "<group>"; };
		6D3C002F1DD023020029A37F /* GWLPhotoLibrayController.m */ = {isa = PBXFileReference; fileEncoding = 4; lastKnownFileType = sourcecode.c.objc; path = GWLPhotoLibrayController.m; sourceTree = "<group>"; };
		6D3C00301DD023020029A37F /* GWLPhotoSelector.bundle */ = {isa = PBXFileReference; lastKnownFileType = "wrapper.plug-in"; path = GWLPhotoSelector.bundle; sourceTree = "<group>"; };
		6D3C00311DD023020029A37F /* GWLPhotoSelectorHeader.h */ = {isa = PBXFileReference; fileEncoding = 4; lastKnownFileType = sourcecode.c.h; path = GWLPhotoSelectorHeader.h; sourceTree = "<group>"; };
		6D3C003C1DD023020029A37F /* JSONKit.h */ = {isa = PBXFileReference; fileEncoding = 4; lastKnownFileType = sourcecode.c.h; path = JSONKit.h; sourceTree = "<group>"; };
		6D3C003D1DD023020029A37F /* JSONKit.m */ = {isa = PBXFileReference; fileEncoding = 4; lastKnownFileType = sourcecode.c.objc; path = JSONKit.m; sourceTree = "<group>"; };
		6D3C003F1DD023020029A37F /* TPKeyboardAvoidingScrollView.h */ = {isa = PBXFileReference; fileEncoding = 4; lastKnownFileType = sourcecode.c.h; path = TPKeyboardAvoidingScrollView.h; sourceTree = "<group>"; };
		6D3C00401DD023020029A37F /* TPKeyboardAvoidingScrollView.m */ = {isa = PBXFileReference; fileEncoding = 4; lastKnownFileType = sourcecode.c.objc; path = TPKeyboardAvoidingScrollView.m; sourceTree = "<group>"; };
		6D3C00411DD023020029A37F /* TPKeyboardAvoidingTableView.h */ = {isa = PBXFileReference; fileEncoding = 4; lastKnownFileType = sourcecode.c.h; path = TPKeyboardAvoidingTableView.h; sourceTree = "<group>"; };
		6D3C00421DD023020029A37F /* TPKeyboardAvoidingTableView.m */ = {isa = PBXFileReference; fileEncoding = 4; lastKnownFileType = sourcecode.c.objc; path = TPKeyboardAvoidingTableView.m; sourceTree = "<group>"; };
		6D3C00431DD023020029A37F /* UIScrollView+TPKeyboardAvoidingAdditions.h */ = {isa = PBXFileReference; fileEncoding = 4; lastKnownFileType = sourcecode.c.h; path = "UIScrollView+TPKeyboardAvoidingAdditions.h"; sourceTree = "<group>"; };
		6D3C00441DD023020029A37F /* UIScrollView+TPKeyboardAvoidingAdditions.m */ = {isa = PBXFileReference; fileEncoding = 4; lastKnownFileType = sourcecode.c.objc; path = "UIScrollView+TPKeyboardAvoidingAdditions.m"; sourceTree = "<group>"; };
		6D3C006E1DD023530029A37F /* FindHouse.pch */ = {isa = PBXFileReference; fileEncoding = 4; lastKnownFileType = sourcecode.c.h; path = FindHouse.pch; sourceTree = "<group>"; };
		6D3C00711DD029340029A37F /* CXRootViewController.h */ = {isa = PBXFileReference; fileEncoding = 4; lastKnownFileType = sourcecode.c.h; path = CXRootViewController.h; sourceTree = "<group>"; };
		6D3C00721DD029340029A37F /* CXRootViewController.m */ = {isa = PBXFileReference; fileEncoding = 4; lastKnownFileType = sourcecode.c.objc; path = CXRootViewController.m; sourceTree = "<group>"; };
		6D3C00771DD02A3E0029A37F /* CXHomeViewController.h */ = {isa = PBXFileReference; fileEncoding = 4; lastKnownFileType = sourcecode.c.h; path = CXHomeViewController.h; sourceTree = "<group>"; };
		6D3C00781DD02A3E0029A37F /* CXHomeViewController.m */ = {isa = PBXFileReference; fileEncoding = 4; lastKnownFileType = sourcecode.c.objc; path = CXHomeViewController.m; sourceTree = "<group>"; };
		6D3C007A1DD02A450029A37F /* CXMessageViewController.h */ = {isa = PBXFileReference; fileEncoding = 4; lastKnownFileType = sourcecode.c.h; path = CXMessageViewController.h; sourceTree = "<group>"; };
		6D3C007B1DD02A450029A37F /* CXMessageViewController.m */ = {isa = PBXFileReference; fileEncoding = 4; lastKnownFileType = sourcecode.c.objc; path = CXMessageViewController.m; sourceTree = "<group>"; };
		6D3C007D1DD02A4B0029A37F /* CXMineViewController.h */ = {isa = PBXFileReference; fileEncoding = 4; lastKnownFileType = sourcecode.c.h; path = CXMineViewController.h; sourceTree = "<group>"; };
		6D3C007E1DD02A4B0029A37F /* CXMineViewController.m */ = {isa = PBXFileReference; fileEncoding = 4; lastKnownFileType = sourcecode.c.objc; path = CXMineViewController.m; sourceTree = "<group>"; };
		6D3C00811DD031B20029A37F /* CXHomeNavigationBarView.h */ = {isa = PBXFileReference; fileEncoding = 4; lastKnownFileType = sourcecode.c.h; path = CXHomeNavigationBarView.h; sourceTree = "<group>"; };
		6D3C00821DD031B20029A37F /* CXHomeNavigationBarView.m */ = {isa = PBXFileReference; fileEncoding = 4; lastKnownFileType = sourcecode.c.objc; path = CXHomeNavigationBarView.m; sourceTree = "<group>"; };
		6D3C00841DD05A710029A37F /* CXHomeSearchView.h */ = {isa = PBXFileReference; fileEncoding = 4; lastKnownFileType = sourcecode.c.h; path = CXHomeSearchView.h; sourceTree = "<group>"; };
		6D3C00851DD05A710029A37F /* CXHomeSearchView.m */ = {isa = PBXFileReference; fileEncoding = 4; lastKnownFileType = sourcecode.c.objc; path = CXHomeSearchView.m; sourceTree = "<group>"; };
		6D3C00871DD05ECD0029A37F /* CXHomeFunctionCell.h */ = {isa = PBXFileReference; fileEncoding = 4; lastKnownFileType = sourcecode.c.h; path = CXHomeFunctionCell.h; sourceTree = "<group>"; };
		6D3C00881DD05ECD0029A37F /* CXHomeFunctionCell.m */ = {isa = PBXFileReference; fileEncoding = 4; lastKnownFileType = sourcecode.c.objc; path = CXHomeFunctionCell.m; sourceTree = "<group>"; };
		6D3C008A1DD05F780029A37F /* CXLeftImageFunctionView.h */ = {isa = PBXFileReference; fileEncoding = 4; lastKnownFileType = sourcecode.c.h; path = CXLeftImageFunctionView.h; sourceTree = "<group>"; };
		6D3C008B1DD05F780029A37F /* CXLeftImageFunctionView.m */ = {isa = PBXFileReference; fileEncoding = 4; lastKnownFileType = sourcecode.c.objc; path = CXLeftImageFunctionView.m; sourceTree = "<group>"; };
		6D3C008E1DD066260029A37F /* CXGetDataTool.h */ = {isa = PBXFileReference; fileEncoding = 4; lastKnownFileType = sourcecode.c.h; path = CXGetDataTool.h; sourceTree = "<group>"; };
		6D3C008F1DD066260029A37F /* CXGetDataTool.m */ = {isa = PBXFileReference; fileEncoding = 4; lastKnownFileType = sourcecode.c.objc; path = CXGetDataTool.m; sourceTree = "<group>"; };
		6D3C00901DD066260029A37F /* CXGlobalTool.h */ = {isa = PBXFileReference; fileEncoding = 4; lastKnownFileType = sourcecode.c.h; path = CXGlobalTool.h; sourceTree = "<group>"; };
		6D3C00911DD066260029A37F /* CXGlobalTool.m */ = {isa = PBXFileReference; fileEncoding = 4; lastKnownFileType = sourcecode.c.objc; path = CXGlobalTool.m; sourceTree = "<group>"; };
		6D3C00921DD066260029A37F /* CXNetworkingTool.h */ = {isa = PBXFileReference; fileEncoding = 4; lastKnownFileType = sourcecode.c.h; path = CXNetworkingTool.h; sourceTree = "<group>"; };
		6D3C00931DD066260029A37F /* CXNetworkingTool.m */ = {isa = PBXFileReference; fileEncoding = 4; lastKnownFileType = sourcecode.c.objc; path = CXNetworkingTool.m; sourceTree = "<group>"; };
		6D3C00941DD066260029A37F /* CXProcessDataTool.h */ = {isa = PBXFileReference; fileEncoding = 4; lastKnownFileType = sourcecode.c.h; path = CXProcessDataTool.h; sourceTree = "<group>"; };
		6D3C00951DD066260029A37F /* CXProcessDataTool.m */ = {isa = PBXFileReference; fileEncoding = 4; lastKnownFileType = sourcecode.c.objc; path = CXProcessDataTool.m; sourceTree = "<group>"; };
		6D3C009A1DD068870029A37F /* CXUpImageFunctionView.h */ = {isa = PBXFileReference; fileEncoding = 4; lastKnownFileType = sourcecode.c.h; path = CXUpImageFunctionView.h; sourceTree = "<group>"; };
		6D3C009B1DD068870029A37F /* CXUpImageFunctionView.m */ = {isa = PBXFileReference; fileEncoding = 4; lastKnownFileType = sourcecode.c.objc; path = CXUpImageFunctionView.m; sourceTree = "<group>"; };
		6D3C009D1DD06F850029A37F /* CXHomeCityMarketCell.h */ = {isa = PBXFileReference; fileEncoding = 4; lastKnownFileType = sourcecode.c.h; path = CXHomeCityMarketCell.h; sourceTree = "<group>"; };
		6D3C009E1DD06F850029A37F /* CXHomeCityMarketCell.m */ = {isa = PBXFileReference; fileEncoding = 4; lastKnownFileType = sourcecode.c.objc; path = CXHomeCityMarketCell.m; sourceTree = "<group>"; };
		6D3C00A01DD0717D0029A37F /* CXHomeMarketView.h */ = {isa = PBXFileReference; fileEncoding = 4; lastKnownFileType = sourcecode.c.h; path = CXHomeMarketView.h; sourceTree = "<group>"; };
		6D3C00A11DD0717D0029A37F /* CXHomeMarketView.m */ = {isa = PBXFileReference; fileEncoding = 4; lastKnownFileType = sourcecode.c.objc; path = CXHomeMarketView.m; sourceTree = "<group>"; };
		6D3C00A71DD07F1F0029A37F /* CXMineHeaderView.h */ = {isa = PBXFileReference; fileEncoding = 4; lastKnownFileType = sourcecode.c.h; path = CXMineHeaderView.h; sourceTree = "<group>"; };
		6D3C00A81DD07F1F0029A37F /* CXMineHeaderView.m */ = {isa = PBXFileReference; fileEncoding = 4; lastKnownFileType = sourcecode.c.objc; path = CXMineHeaderView.m; sourceTree = "<group>"; };
		6D3C00AA1DD081990029A37F /* CXMineNormalCell.h */ = {isa = PBXFileReference; fileEncoding = 4; lastKnownFileType = sourcecode.c.h; path = CXMineNormalCell.h; sourceTree = "<group>"; };
		6D3C00AB1DD081990029A37F /* CXMineNormalCell.m */ = {isa = PBXFileReference; fileEncoding = 4; lastKnownFileType = sourcecode.c.objc; path = CXMineNormalCell.m; sourceTree = "<group>"; };
		6D3C00AE1DD08ACF0029A37F /* CXMessageNormalCell.h */ = {isa = PBXFileReference; fileEncoding = 4; lastKnownFileType = sourcecode.c.h; path = CXMessageNormalCell.h; sourceTree = "<group>"; };
		6D3C00AF1DD08ACF0029A37F /* CXMessageNormalCell.m */ = {isa = PBXFileReference; fileEncoding = 4; lastKnownFileType = sourcecode.c.objc; path = CXMessageNormalCell.m; sourceTree = "<group>"; };
		6D3C00B21DD095A80029A37F /* CXSearchHouseViewController.h */ = {isa = PBXFileReference; fileEncoding = 4; lastKnownFileType = sourcecode.c.h; path = CXSearchHouseViewController.h; sourceTree = "<group>"; };
		6D3C00B31DD095A80029A37F /* CXSearchHouseViewController.m */ = {isa = PBXFileReference; fileEncoding = 4; lastKnownFileType = sourcecode.c.objc; path = CXSearchHouseViewController.m; sourceTree = "<group>"; };
		6D3C00B61DD099E60029A37F /* CXSearchView.h */ = {isa = PBXFileReference; fileEncoding = 4; lastKnownFileType = sourcecode.c.h; path = CXSearchView.h; sourceTree = "<group>"; };
		6D3C00B71DD099E60029A37F /* CXSearchView.m */ = {isa = PBXFileReference; fileEncoding = 4; lastKnownFileType = sourcecode.c.objc; path = CXSearchView.m; sourceTree = "<group>"; };
		6D3CFFCB1DD0209C0029A37F /* FindHouse.app */ = {isa = PBXFileReference; explicitFileType = wrapper.application; includeInIndex = 0; path = FindHouse.app; sourceTree = BUILT_PRODUCTS_DIR; };
		6D3CFFCF1DD0209C0029A37F /* main.m */ = {isa = PBXFileReference; lastKnownFileType = sourcecode.c.objc; path = main.m; sourceTree = "<group>"; };
		6D3CFFD11DD0209C0029A37F /* AppDelegate.h */ = {isa = PBXFileReference; lastKnownFileType = sourcecode.c.h; path = AppDelegate.h; sourceTree = "<group>"; };
		6D3CFFD21DD0209C0029A37F /* AppDelegate.m */ = {isa = PBXFileReference; lastKnownFileType = sourcecode.c.objc; path = AppDelegate.m; sourceTree = "<group>"; };
		6D3CFFDA1DD0209C0029A37F /* Assets.xcassets */ = {isa = PBXFileReference; lastKnownFileType = folder.assetcatalog; path = Assets.xcassets; sourceTree = "<group>"; };
		6D3CFFDF1DD0209C0029A37F /* Info.plist */ = {isa = PBXFileReference; lastKnownFileType = text.plist.xml; path = Info.plist; sourceTree = "<group>"; };
		6D3CFFE81DD023020029A37F /* CXBaseDataModel.h */ = {isa = PBXFileReference; fileEncoding = 4; lastKnownFileType = sourcecode.c.h; path = CXBaseDataModel.h; sourceTree = "<group>"; };
		6D3CFFE91DD023020029A37F /* CXBaseDataModel.m */ = {isa = PBXFileReference; fileEncoding = 4; lastKnownFileType = sourcecode.c.objc; path = CXBaseDataModel.m; sourceTree = "<group>"; };
		6D3CFFEA1DD023020029A37F /* CXBaseImageView.h */ = {isa = PBXFileReference; fileEncoding = 4; lastKnownFileType = sourcecode.c.h; path = CXBaseImageView.h; sourceTree = "<group>"; };
		6D3CFFEB1DD023020029A37F /* CXBaseImageView.m */ = {isa = PBXFileReference; fileEncoding = 4; lastKnownFileType = sourcecode.c.objc; path = CXBaseImageView.m; sourceTree = "<group>"; };
		6D3CFFEC1DD023020029A37F /* CXBaseLabel.h */ = {isa = PBXFileReference; fileEncoding = 4; lastKnownFileType = sourcecode.c.h; path = CXBaseLabel.h; sourceTree = "<group>"; };
		6D3CFFED1DD023020029A37F /* CXBaseLabel.m */ = {isa = PBXFileReference; fileEncoding = 4; lastKnownFileType = sourcecode.c.objc; path = CXBaseLabel.m; sourceTree = "<group>"; };
		6D3CFFEE1DD023020029A37F /* CXBaseNavigationController.h */ = {isa = PBXFileReference; fileEncoding = 4; lastKnownFileType = sourcecode.c.h; path = CXBaseNavigationController.h; sourceTree = "<group>"; };
		6D3CFFEF1DD023020029A37F /* CXBaseNavigationController.m */ = {isa = PBXFileReference; fileEncoding = 4; lastKnownFileType = sourcecode.c.objc; path = CXBaseNavigationController.m; sourceTree = "<group>"; };
		6D3CFFF21DD023020029A37F /* CXBaseTableView.h */ = {isa = PBXFileReference; fileEncoding = 4; lastKnownFileType = sourcecode.c.h; path = CXBaseTableView.h; sourceTree = "<group>"; };
		6D3CFFF31DD023020029A37F /* CXBaseTableView.m */ = {isa = PBXFileReference; fileEncoding = 4; lastKnownFileType = sourcecode.c.objc; path = CXBaseTableView.m; sourceTree = "<group>"; };
		6D3CFFF41DD023020029A37F /* CXBaseTableViewCell.h */ = {isa = PBXFileReference; fileEncoding = 4; lastKnownFileType = sourcecode.c.h; path = CXBaseTableViewCell.h; sourceTree = "<group>"; };
		6D3CFFF51DD023020029A37F /* CXBaseTableViewCell.m */ = {isa = PBXFileReference; fileEncoding = 4; lastKnownFileType = sourcecode.c.objc; path = CXBaseTableViewCell.m; sourceTree = "<group>"; };
		6D3CFFF61DD023020029A37F /* CXBaseTextField.h */ = {isa = PBXFileReference; fileEncoding = 4; lastKnownFileType = sourcecode.c.h; path = CXBaseTextField.h; sourceTree = "<group>"; };
		6D3CFFF71DD023020029A37F /* CXBaseTextField.m */ = {isa = PBXFileReference; fileEncoding = 4; lastKnownFileType = sourcecode.c.objc; path = CXBaseTextField.m; sourceTree = "<group>"; };
		6D3CFFF81DD023020029A37F /* CXBaseView.h */ = {isa = PBXFileReference; fileEncoding = 4; lastKnownFileType = sourcecode.c.h; path = CXBaseView.h; sourceTree = "<group>"; };
		6D3CFFF91DD023020029A37F /* CXBaseView.m */ = {isa = PBXFileReference; fileEncoding = 4; lastKnownFileType = sourcecode.c.objc; path = CXBaseView.m; sourceTree = "<group>"; };
		6D3CFFFA1DD023020029A37F /* CXBaseViewController.h */ = {isa = PBXFileReference; fileEncoding = 4; lastKnownFileType = sourcecode.c.h; path = CXBaseViewController.h; sourceTree = "<group>"; };
		6D3CFFFB1DD023020029A37F /* CXBaseViewController.m */ = {isa = PBXFileReference; fileEncoding = 4; lastKnownFileType = sourcecode.c.objc; path = CXBaseViewController.m; sourceTree = "<group>"; };
		6D3CFFFD1DD023020029A37F /* NSDate+CXDate.h */ = {isa = PBXFileReference; fileEncoding = 4; lastKnownFileType = sourcecode.c.h; path = "NSDate+CXDate.h"; sourceTree = "<group>"; };
		6D3CFFFE1DD023020029A37F /* NSDate+CXDate.m */ = {isa = PBXFileReference; fileEncoding = 4; lastKnownFileType = sourcecode.c.objc; path = "NSDate+CXDate.m"; sourceTree = "<group>"; };
		6D3CFFFF1DD023020029A37F /* NSMutableDictionary+CXMutableDictionary.h */ = {isa = PBXFileReference; fileEncoding = 4; lastKnownFileType = sourcecode.c.h; path = "NSMutableDictionary+CXMutableDictionary.h"; sourceTree = "<group>"; };
		6D8CEC041DD56CCC0048F800 /* CXHouseDetailViewController.h */ = {isa = PBXFileReference; fileEncoding = 4; lastKnownFileType = sourcecode.c.h; path = CXHouseDetailViewController.h; sourceTree = "<group>"; };
		6D8CEC051DD56CCC0048F800 /* CXHouseDetailViewController.m */ = {isa = PBXFileReference; fileEncoding = 4; lastKnownFileType = sourcecode.c.objc; path = CXHouseDetailViewController.m; sourceTree = "<group>"; };
		6D8CEC081DD5A89C0048F800 /* CXHouseMessageCell.h */ = {isa = PBXFileReference; fileEncoding = 4; lastKnownFileType = sourcecode.c.h; path = CXHouseMessageCell.h; sourceTree = "<group>"; };
		6D8CEC091DD5A89C0048F800 /* CXHouseMessageCell.m */ = {isa = PBXFileReference; fileEncoding = 4; lastKnownFileType = sourcecode.c.objc; path = CXHouseMessageCell.m; sourceTree = "<group>"; };
		6D8CEC0B1DD5BBEA0048F800 /* CXHouseTapLabel.h */ = {isa = PBXFileReference; fileEncoding = 4; lastKnownFileType = sourcecode.c.h; path = CXHouseTapLabel.h; sourceTree = "<group>"; };
		6D8CEC0C1DD5BBEA0048F800 /* CXHouseTapLabel.m */ = {isa = PBXFileReference; fileEncoding = 4; lastKnownFileType = sourcecode.c.objc; path = CXHouseTapLabel.m; sourceTree = "<group>"; };
		6D8CEC0E1DD5C9A70048F800 /* CXHouseVerifyHeaderView.h */ = {isa = PBXFileReference; fileEncoding = 4; lastKnownFileType = sourcecode.c.h; path = CXHouseVerifyHeaderView.h; sourceTree = "<group>"; };
		6D8CEC0F1DD5C9A70048F800 /* CXHouseVerifyHeaderView.m */ = {isa = PBXFileReference; fileEncoding = 4; lastKnownFileType = sourcecode.c.objc; path = CXHouseVerifyHeaderView.m; sourceTree = "<group>"; };
		6D8CEC111DD5D3340048F800 /* CXHouseCommentCell.h */ = {isa = PBXFileReference; fileEncoding = 4; lastKnownFileType = sourcecode.c.h; path = CXHouseCommentCell.h; sourceTree = "<group>"; };
		6D8CEC121DD5D3350048F800 /* CXHouseCommentCell.m */ = {isa = PBXFileReference; fileEncoding = 4; lastKnownFileType = sourcecode.c.objc; path = CXHouseCommentCell.m; sourceTree = "<group>"; };
		A1859065457F7700C0A39F4F /* Pods-FindHouse.release.xcconfig */ = {isa = PBXFileReference; includeInIndex = 1; lastKnownFileType = text.xcconfig; name = "Pods-FindHouse.release.xcconfig"; path = "Pods/Target Support Files/Pods-FindHouse/Pods-FindHouse.release.xcconfig"; sourceTree = "<group>"; };
		A8F3FF9331631B2039D0CA0F /* libPods-FindHouse.a */ = {isa = PBXFileReference; explicitFileType = archive.ar; includeInIndex = 0; path = "libPods-FindHouse.a"; sourceTree = BUILT_PRODUCTS_DIR; };
/* End PBXFileReference section */

/* Begin PBXFrameworksBuildPhase section */
		6D3CFFC81DD0209B0029A37F /* Frameworks */ = {
			isa = PBXFrameworksBuildPhase;
			buildActionMask = 2147483647;
			files = (
				473932BD7CFE8E39B3E7357E /* libPods-FindHouse.a in Frameworks */,
			);
			runOnlyForDeploymentPostprocessing = 0;
		};
/* End PBXFrameworksBuildPhase section */

/* Begin PBXGroup section */
		56ED318F95EF352073ABCFB2 /* Frameworks */ = {
			isa = PBXGroup;
			children = (
				A8F3FF9331631B2039D0CA0F /* libPods-FindHouse.a */,
			);
			name = Frameworks;
			sourceTree = "<group>";
		};
		6D34357D1DD45A9F00EF90E3 /* 开通城市 */ = {
			isa = PBXGroup;
			children = (
				6D34357E1DD45ADA00EF90E3 /* CXOpenCityViewController.h */,
				6D34357F1DD45ADA00EF90E3 /* CXOpenCityViewController.m */,
			);
			name = "开通城市";
			sourceTree = "<group>";
		};
		6D3435811DD46D2B00EF90E3 /* 登录 */ = {
			isa = PBXGroup;
			children = (
				6D3435851DD485FF00EF90E3 /* View */,
				6D3435821DD46D4500EF90E3 /* CXLoginViewController.h */,
				6D3435831DD46D4500EF90E3 /* CXLoginViewController.m */,
			);
			name = "登录";
			sourceTree = "<group>";
		};
		6D3435851DD485FF00EF90E3 /* View */ = {
			isa = PBXGroup;
			children = (
				6D3435861DD4863D00EF90E3 /* CXLoginInputView.h */,
				6D3435871DD4863D00EF90E3 /* CXLoginInputView.m */,
			);
			name = View;
			sourceTree = "<group>";
		};
		6D3C00091DD023020029A37F /* Public */ = {
			isa = PBXGroup;
			children = (
				6D3435751DD4219600EF90E3 /* YYAreaDataModel.h */,
				6D3435761DD4219600EF90E3 /* YYAreaDataModel.m */,
				6D3435721DD4166400EF90E3 /* YYDropDownMenu.h */,
				6D3435731DD4166400EF90E3 /* YYDropDownMenu.m */,
				6D3C000A1DD023020029A37F /* CXAddImageSingleView.h */,
				6D3C000B1DD023020029A37F /* CXAddImageSingleView.m */,
				6D3C000C1DD023020029A37F /* CXAddImageView.h */,
				6D3C000D1DD023020029A37F /* CXAddImageView.m */,
				6D3C000E1DD023020029A37F /* CXInsetsField.h */,
				6D3C000F1DD023020029A37F /* CXInsetsField.m */,
				6D3C00101DD023020029A37F /* CXUser.h */,
				6D3C00111DD023020029A37F /* CXUser.m */,
				6D3C00121DD023020029A37F /* CXUserInfoDataModel.h */,
				6D3C00131DD023020029A37F /* CXUserInfoDataModel.m */,
				6D3C00141DD023020029A37F /* RunImageScrollView.h */,
				6D3C00151DD023020029A37F /* RunImageScrollView.m */,
				6D3C00181DD023020029A37F /* YYViewPicturesScrollView.h */,
				6D3C00191DD023020029A37F /* YYViewPicturesScrollView.m */,
				6D3C001A1DD023020029A37F /* YYViewPicturesZoomScrollView.h */,
				6D3C001B1DD023020029A37F /* YYViewPicturesZoomScrollView.m */,
			);
			path = Public;
			sourceTree = "<group>";
		};
		6D3C001C1DD023020029A37F /* Resource */ = {
			isa = PBXGroup;
			children = (
				6D3C001E1DD023020029A37F /* CXColor.h */,
				6D3C001F1DD023020029A37F /* CXInterface.h */,
				6D3C00201DD023020029A37F /* CXNotification.h */,
				6D3C00211DD023020029A37F /* CXUserDefault.h */,
				6D3C00221DD023020029A37F /* emoticons.plist */,
				6D3C006E1DD023530029A37F /* FindHouse.pch */,
			);
			path = Resource;
			sourceTree = "<group>";
		};
		6D3C00231DD023020029A37F /* ThirdPart */ = {
			isa = PBXGroup;
			children = (
				6D3C00291DD023020029A37F /* GWLPhotoSelector */,
				6D3C003B1DD023020029A37F /* JSONKit */,
				6D3C003E1DD023020029A37F /* TPTableView */,
			);
			path = ThirdPart;
			sourceTree = "<group>";
		};
		6D3C00291DD023020029A37F /* GWLPhotoSelector */ = {
			isa = PBXGroup;
			children = (
				6D3C002A1DD023020029A37F /* GWLPhotoGroupDetailController.h */,
				6D3C002B1DD023020029A37F /* GWLPhotoGroupDetailController.m */,
				6D3C002C1DD023020029A37F /* GWLPhotoGroupTableViewController.h */,
				6D3C002D1DD023020029A37F /* GWLPhotoGroupTableViewController.m */,
				6D3C002E1DD023020029A37F /* GWLPhotoLibrayController.h */,
				6D3C002F1DD023020029A37F /* GWLPhotoLibrayController.m */,
				6D3C00301DD023020029A37F /* GWLPhotoSelector.bundle */,
				6D3C00311DD023020029A37F /* GWLPhotoSelectorHeader.h */,
			);
			path = GWLPhotoSelector;
			sourceTree = "<group>";
		};
		6D3C003B1DD023020029A37F /* JSONKit */ = {
			isa = PBXGroup;
			children = (
				6D3C003C1DD023020029A37F /* JSONKit.h */,
				6D3C003D1DD023020029A37F /* JSONKit.m */,
			);
			path = JSONKit;
			sourceTree = "<group>";
		};
		6D3C003E1DD023020029A37F /* TPTableView */ = {
			isa = PBXGroup;
			children = (
				6D3C003F1DD023020029A37F /* TPKeyboardAvoidingScrollView.h */,
				6D3C00401DD023020029A37F /* TPKeyboardAvoidingScrollView.m */,
				6D3C00411DD023020029A37F /* TPKeyboardAvoidingTableView.h */,
				6D3C00421DD023020029A37F /* TPKeyboardAvoidingTableView.m */,
				6D3C00431DD023020029A37F /* UIScrollView+TPKeyboardAvoidingAdditions.h */,
				6D3C00441DD023020029A37F /* UIScrollView+TPKeyboardAvoidingAdditions.m */,
			);
			path = TPTableView;
			sourceTree = "<group>";
		};
		6D3C006F1DD028120029A37F /* ViewController */ = {
			isa = PBXGroup;
			children = (
				6D8CEC031DD569890048F800 /* 房源详情 */,
				6D3435811DD46D2B00EF90E3 /* 登录 */,
				6D34357D1DD45A9F00EF90E3 /* 开通城市 */,
				6D3C00B11DD095980029A37F /* 搜索 */,
				6D3C00761DD02A250029A37F /* 我的 */,
				6D3C00751DD02A1F0029A37F /* 消息 */,
				6D3C00741DD02A160029A37F /* 首页 */,
				6D3C00701DD028C90029A37F /* 标签栏 */,
			);
			path = ViewController;
			sourceTree = "<group>";
		};
		6D3C00701DD028C90029A37F /* 标签栏 */ = {
			isa = PBXGroup;
			children = (
				6D3C00711DD029340029A37F /* CXRootViewController.h */,
				6D3C00721DD029340029A37F /* CXRootViewController.m */,
			);
			name = "标签栏";
			sourceTree = "<group>";
		};
		6D3C00741DD02A160029A37F /* 首页 */ = {
			isa = PBXGroup;
			children = (
				6D3C00801DD0319D0029A37F /* View */,
				6D3C00771DD02A3E0029A37F /* CXHomeViewController.h */,
				6D3C00781DD02A3E0029A37F /* CXHomeViewController.m */,
			);
			name = "首页";
			sourceTree = "<group>";
		};
		6D3C00751DD02A1F0029A37F /* 消息 */ = {
			isa = PBXGroup;
			children = (
				6D3C00AD1DD08AC10029A37F /* View */,
				6D3C007A1DD02A450029A37F /* CXMessageViewController.h */,
				6D3C007B1DD02A450029A37F /* CXMessageViewController.m */,
			);
			name = "消息";
			sourceTree = "<group>";
		};
		6D3C00761DD02A250029A37F /* 我的 */ = {
			isa = PBXGroup;
			children = (
				6D3C00A31DD07EA70029A37F /* View */,
				6D3C007D1DD02A4B0029A37F /* CXMineViewController.h */,
				6D3C007E1DD02A4B0029A37F /* CXMineViewController.m */,
			);
			name = "我的";
			sourceTree = "<group>";
		};
		6D3C00801DD0319D0029A37F /* View */ = {
			isa = PBXGroup;
			children = (
				6D3C00811DD031B20029A37F /* CXHomeNavigationBarView.h */,
				6D3C00821DD031B20029A37F /* CXHomeNavigationBarView.m */,
				6D3C00841DD05A710029A37F /* CXHomeSearchView.h */,
				6D3C00851DD05A710029A37F /* CXHomeSearchView.m */,
				6D3C00871DD05ECD0029A37F /* CXHomeFunctionCell.h */,
				6D3C00881DD05ECD0029A37F /* CXHomeFunctionCell.m */,
				6D3C008A1DD05F780029A37F /* CXLeftImageFunctionView.h */,
				6D3C008B1DD05F780029A37F /* CXLeftImageFunctionView.m */,
				6D3C009A1DD068870029A37F /* CXUpImageFunctionView.h */,
				6D3C009B1DD068870029A37F /* CXUpImageFunctionView.m */,
				6D3C009D1DD06F850029A37F /* CXHomeCityMarketCell.h */,
				6D3C009E1DD06F850029A37F /* CXHomeCityMarketCell.m */,
				6D3C00A01DD0717D0029A37F /* CXHomeMarketView.h */,
				6D3C00A11DD0717D0029A37F /* CXHomeMarketView.m */,
			);
			name = View;
			sourceTree = "<group>";
		};
		6D3C008D1DD066260029A37F /* Tools */ = {
			isa = PBXGroup;
			children = (
				6D3C008E1DD066260029A37F /* CXGetDataTool.h */,
				6D3C008F1DD066260029A37F /* CXGetDataTool.m */,
				6D3C00901DD066260029A37F /* CXGlobalTool.h */,
				6D3C00911DD066260029A37F /* CXGlobalTool.m */,
				6D3C00921DD066260029A37F /* CXNetworkingTool.h */,
				6D3C00931DD066260029A37F /* CXNetworkingTool.m */,
				6D3C00941DD066260029A37F /* CXProcessDataTool.h */,
				6D3C00951DD066260029A37F /* CXProcessDataTool.m */,
			);
			path = Tools;
			sourceTree = "<group>";
		};
		6D3C00A31DD07EA70029A37F /* View */ = {
			isa = PBXGroup;
			children = (
				6D3C00A71DD07F1F0029A37F /* CXMineHeaderView.h */,
				6D3C00A81DD07F1F0029A37F /* CXMineHeaderView.m */,
				6D3C00AA1DD081990029A37F /* CXMineNormalCell.h */,
				6D3C00AB1DD081990029A37F /* CXMineNormalCell.m */,
			);
			name = View;
			sourceTree = "<group>";
		};
		6D3C00AD1DD08AC10029A37F /* View */ = {
			isa = PBXGroup;
			children = (
				6D3C00AE1DD08ACF0029A37F /* CXMessageNormalCell.h */,
				6D3C00AF1DD08ACF0029A37F /* CXMessageNormalCell.m */,
			);
			name = View;
			sourceTree = "<group>";
		};
		6D3C00B11DD095980029A37F /* 搜索 */ = {
			isa = PBXGroup;
			children = (
				6D3C00B51DD099CB0029A37F /* View */,
				6D3C00B21DD095A80029A37F /* CXSearchHouseViewController.h */,
				6D3C00B31DD095A80029A37F /* CXSearchHouseViewController.m */,
			);
			name = "搜索";
			sourceTree = "<group>";
		};
		6D3C00B51DD099CB0029A37F /* View */ = {
			isa = PBXGroup;
			children = (
				6D3C00B61DD099E60029A37F /* CXSearchView.h */,
				6D3C00B71DD099E60029A37F /* CXSearchView.m */,
				6D34357A1DD4478D00EF90E3 /* CXSearchHouseCell.h */,
				6D34357B1DD4478D00EF90E3 /* CXSearchHouseCell.m */,
			);
			name = View;
			sourceTree = "<group>";
		};
		6D3CFFC21DD0209B0029A37F = {
			isa = PBXGroup;
			children = (
				6D3CFFCD1DD0209C0029A37F /* FindHouse */,
				6D3CFFCC1DD0209C0029A37F /* Products */,
				A0A8EBD8F0A68FCBCF9A1770 /* Pods */,
				56ED318F95EF352073ABCFB2 /* Frameworks */,
			);
			sourceTree = "<group>";
		};
		6D3CFFCC1DD0209C0029A37F /* Products */ = {
			isa = PBXGroup;
			children = (
				6D3CFFCB1DD0209C0029A37F /* FindHouse.app */,
			);
			name = Products;
			sourceTree = "<group>";
		};
		6D3CFFCD1DD0209C0029A37F /* FindHouse */ = {
			isa = PBXGroup;
			children = (
				6D3C008D1DD066260029A37F /* Tools */,
				6D3C001C1DD023020029A37F /* Resource */,
				6D3CFFE51DD023020029A37F /* Base */,
				6D3CFFFC1DD023020029A37F /* Category */,
				6D3C00091DD023020029A37F /* Public */,
				6D3C00231DD023020029A37F /* ThirdPart */,
				6D3C006F1DD028120029A37F /* ViewController */,
				6D3CFFD11DD0209C0029A37F /* AppDelegate.h */,
				6D3CFFD21DD0209C0029A37F /* AppDelegate.m */,
				6D3CFFCE1DD0209C0029A37F /* Supporting Files */,
			);
			path = FindHouse;
			sourceTree = "<group>";
		};
		6D3CFFCE1DD0209C0029A37F /* Supporting Files */ = {
			isa = PBXGroup;
			children = (
				6D3435781DD421DD00EF90E3 /* Area.txt */,
				6D3CFFDA1DD0209C0029A37F /* Assets.xcassets */,
				6D3CFFDF1DD0209C0029A37F /* Info.plist */,
				6D3CFFCF1DD0209C0029A37F /* main.m */,
			);
			name = "Supporting Files";
			sourceTree = "<group>";
		};
		6D3CFFE51DD023020029A37F /* Base */ = {
			isa = PBXGroup;
			children = (
				6D3CFFE81DD023020029A37F /* CXBaseDataModel.h */,
				6D3CFFE91DD023020029A37F /* CXBaseDataModel.m */,
				6D3CFFEA1DD023020029A37F /* CXBaseImageView.h */,
				6D3CFFEB1DD023020029A37F /* CXBaseImageView.m */,
				6D3CFFEC1DD023020029A37F /* CXBaseLabel.h */,
				6D3CFFED1DD023020029A37F /* CXBaseLabel.m */,
				6D3CFFEE1DD023020029A37F /* CXBaseNavigationController.h */,
				6D3CFFEF1DD023020029A37F /* CXBaseNavigationController.m */,
				6D3CFFF21DD023020029A37F /* CXBaseTableView.h */,
				6D3CFFF31DD023020029A37F /* CXBaseTableView.m */,
				6D3CFFF41DD023020029A37F /* CXBaseTableViewCell.h */,
				6D3CFFF51DD023020029A37F /* CXBaseTableViewCell.m */,
				6D3CFFF61DD023020029A37F /* CXBaseTextField.h */,
				6D3CFFF71DD023020029A37F /* CXBaseTextField.m */,
				6D3CFFF81DD023020029A37F /* CXBaseView.h */,
				6D3CFFF91DD023020029A37F /* CXBaseView.m */,
				6D3CFFFA1DD023020029A37F /* CXBaseViewController.h */,
				6D3CFFFB1DD023020029A37F /* CXBaseViewController.m */,
			);
			path = Base;
			sourceTree = "<group>";
		};
		6D3CFFFC1DD023020029A37F /* Category */ = {
			isa = PBXGroup;
			children = (
				6D3CFFFD1DD023020029A37F /* NSDate+CXDate.h */,
				6D3CFFFE1DD023020029A37F /* NSDate+CXDate.m */,
				6D3CFFFF1DD023020029A37F /* NSMutableDictionary+CXMutableDictionary.h */,
				6D3C00001DD023020029A37F /* NSMutableDictionary+CXMutableDictionary.m */,
				6D3C00011DD023020029A37F /* NSString+CXString.h */,
				6D3C00021DD023020029A37F /* NSString+CXString.m */,
				6D3C00031DD023020029A37F /* UIImageView+CXWebImageView.h */,
				6D3C00041DD023020029A37F /* UIImageView+CXWebImageView.m */,
				6D3C00051DD023020029A37F /* UIView+CXView.h */,
				6D3C00061DD023020029A37F /* UIView+CXView.m */,
				6D3C00071DD023020029A37F /* UIViewController+CXViewController.h */,
				6D3C00081DD023020029A37F /* UIViewController+CXViewController.m */,
			);
			path = Category;
			sourceTree = "<group>";
		};
		6D8CEC031DD569890048F800 /* 房源详情 */ = {
			isa = PBXGroup;
			children = (
				6D8CEC071DD5A88C0048F800 /* View */,
				6D8CEC041DD56CCC0048F800 /* CXHouseDetailViewController.h */,
				6D8CEC051DD56CCC0048F800 /* CXHouseDetailViewController.m */,
			);
			name = "房源详情";
			sourceTree = "<group>";
		};
		6D8CEC071DD5A88C0048F800 /* View */ = {
			isa = PBXGroup;
			children = (
				6D8CEC081DD5A89C0048F800 /* CXHouseMessageCell.h */,
				6D8CEC091DD5A89C0048F800 /* CXHouseMessageCell.m */,
				6D8CEC0B1DD5BBEA0048F800 /* CXHouseTapLabel.h */,
				6D8CEC0C1DD5BBEA0048F800 /* CXHouseTapLabel.m */,
				6D8CEC0E1DD5C9A70048F800 /* CXHouseVerifyHeaderView.h */,
				6D8CEC0F1DD5C9A70048F800 /* CXHouseVerifyHeaderView.m */,
				6D8CEC111DD5D3340048F800 /* CXHouseCommentCell.h */,
				6D8CEC121DD5D3350048F800 /* CXHouseCommentCell.m */,
			);
			name = View;
			sourceTree = "<group>";
		};
		A0A8EBD8F0A68FCBCF9A1770 /* Pods */ = {
			isa = PBXGroup;
			children = (
				6C1DA4296E82D2C682861CFD /* Pods-FindHouse.debug.xcconfig */,
				A1859065457F7700C0A39F4F /* Pods-FindHouse.release.xcconfig */,
			);
			name = Pods;
			sourceTree = "<group>";
		};
/* End PBXGroup section */

/* Begin PBXNativeTarget section */
		6D3CFFCA1DD0209B0029A37F /* FindHouse */ = {
			isa = PBXNativeTarget;
			buildConfigurationList = 6D3CFFE21DD0209C0029A37F /* Build configuration list for PBXNativeTarget "FindHouse" */;
			buildPhases = (
				6271AD5B58ACF6362B3FE9C4 /* [CP] Check Pods Manifest.lock */,
				6D3CFFC71DD0209B0029A37F /* Sources */,
				6D3CFFC81DD0209B0029A37F /* Frameworks */,
				6D3CFFC91DD0209B0029A37F /* Resources */,
				F6999B0697D1871187CD7F3E /* [CP] Embed Pods Frameworks */,
				23E568859D7AC43BD90F64E2 /* [CP] Copy Pods Resources */,
			);
			buildRules = (
			);
			dependencies = (
			);
			name = FindHouse;
			productName = FindHouse;
			productReference = 6D3CFFCB1DD0209C0029A37F /* FindHouse.app */;
			productType = "com.apple.product-type.application";
		};
/* End PBXNativeTarget section */

/* Begin PBXProject section */
		6D3CFFC31DD0209B0029A37F /* Project object */ = {
			isa = PBXProject;
			attributes = {
				CLASSPREFIX = CX;
				LastUpgradeCheck = 0800;
				ORGANIZATIONNAME = cx;
				TargetAttributes = {
					6D3CFFCA1DD0209B0029A37F = {
						CreatedOnToolsVersion = 8.0;
						DevelopmentTeam = Y5U72WMB9Q;
						ProvisioningStyle = Automatic;
					};
				};
			};
			buildConfigurationList = 6D3CFFC61DD0209B0029A37F /* Build configuration list for PBXProject "FindHouse" */;
			compatibilityVersion = "Xcode 3.2";
			developmentRegion = English;
			hasScannedForEncodings = 0;
			knownRegions = (
				en,
				Base,
			);
			mainGroup = 6D3CFFC21DD0209B0029A37F;
			productRefGroup = 6D3CFFCC1DD0209C0029A37F /* Products */;
			projectDirPath = "";
			projectRoot = "";
			targets = (
				6D3CFFCA1DD0209B0029A37F /* FindHouse */,
			);
		};
/* End PBXProject section */

/* Begin PBXResourcesBuildPhase section */
		6D3CFFC91DD0209B0029A37F /* Resources */ = {
			isa = PBXResourcesBuildPhase;
			buildActionMask = 2147483647;
			files = (
				6D3C00651DD023020029A37F /* GWLPhotoSelector.bundle in Resources */,
				6D3C005F1DD023020029A37F /* emoticons.plist in Resources */,
				6D3CFFDB1DD0209C0029A37F /* Assets.xcassets in Resources */,
				6D3435791DD421DD00EF90E3 /* Area.txt in Resources */,
			);
			runOnlyForDeploymentPostprocessing = 0;
		};
/* End PBXResourcesBuildPhase section */

/* Begin PBXShellScriptBuildPhase section */
		23E568859D7AC43BD90F64E2 /* [CP] Copy Pods Resources */ = {
			isa = PBXShellScriptBuildPhase;
			buildActionMask = 2147483647;
			files = (
			);
			inputPaths = (
			);
			name = "[CP] Copy Pods Resources";
			outputPaths = (
			);
			runOnlyForDeploymentPostprocessing = 0;
			shellPath = /bin/sh;
			shellScript = "\"${SRCROOT}/Pods/Target Support Files/Pods-FindHouse/Pods-FindHouse-resources.sh\"\n";
			showEnvVarsInLog = 0;
		};
		6271AD5B58ACF6362B3FE9C4 /* [CP] Check Pods Manifest.lock */ = {
			isa = PBXShellScriptBuildPhase;
			buildActionMask = 2147483647;
			files = (
			);
			inputPaths = (
			);
			name = "[CP] Check Pods Manifest.lock";
			outputPaths = (
			);
			runOnlyForDeploymentPostprocessing = 0;
			shellPath = /bin/sh;
			shellScript = "diff \"${PODS_ROOT}/../Podfile.lock\" \"${PODS_ROOT}/Manifest.lock\" > /dev/null\nif [[ $? != 0 ]] ; then\n    cat << EOM\nerror: The sandbox is not in sync with the Podfile.lock. Run 'pod install' or update your CocoaPods installation.\nEOM\n    exit 1\nfi\n";
			showEnvVarsInLog = 0;
		};
		F6999B0697D1871187CD7F3E /* [CP] Embed Pods Frameworks */ = {
			isa = PBXShellScriptBuildPhase;
			buildActionMask = 2147483647;
			files = (
			);
			inputPaths = (
			);
			name = "[CP] Embed Pods Frameworks";
			outputPaths = (
			);
			runOnlyForDeploymentPostprocessing = 0;
			shellPath = /bin/sh;
			shellScript = "\"${SRCROOT}/Pods/Target Support Files/Pods-FindHouse/Pods-FindHouse-frameworks.sh\"\n";
			showEnvVarsInLog = 0;
		};
/* End PBXShellScriptBuildPhase section */

/* Begin PBXSourcesBuildPhase section */
		6D3CFFC71DD0209B0029A37F /* Sources */ = {
			isa = PBXSourcesBuildPhase;
			buildActionMask = 2147483647;
			files = (
				6D3C006B1DD023020029A37F /* TPKeyboardAvoidingScrollView.m in Sources */,
				6D3C006C1DD023020029A37F /* TPKeyboardAvoidingTableView.m in Sources */,
				6D8CEC131DD5D3350048F800 /* CXHouseCommentCell.m in Sources */,
				6D3435801DD45ADA00EF90E3 /* CXOpenCityViewController.m in Sources */,
				6D3C00571DD023020029A37F /* CXAddImageView.m in Sources */,
				6D3C005A1DD023020029A37F /* CXUserInfoDataModel.m in Sources */,
				6D3C00791DD02A3E0029A37F /* CXHomeViewController.m in Sources */,
				6D3C005B1DD023020029A37F /* RunImageScrollView.m in Sources */,
				6D3C00641DD023020029A37F /* GWLPhotoLibrayController.m in Sources */,
				6D3435741DD4166400EF90E3 /* YYDropDownMenu.m in Sources */,
				6D3C00B01DD08ACF0029A37F /* CXMessageNormalCell.m in Sources */,
				6D3C004E1DD023020029A37F /* CXBaseView.m in Sources */,
				6D3435771DD4219600EF90E3 /* YYAreaDataModel.m in Sources */,
				6D3C00561DD023020029A37F /* CXAddImageSingleView.m in Sources */,
				6D3C00591DD023020029A37F /* CXUser.m in Sources */,
				6D3C00A21DD0717D0029A37F /* CXHomeMarketView.m in Sources */,
				6D3C005D1DD023020029A37F /* YYViewPicturesScrollView.m in Sources */,
				6D3C00B81DD099E60029A37F /* CXSearchView.m in Sources */,
				6D3C00471DD023020029A37F /* CXBaseImageView.m in Sources */,
				6D3CFFD31DD0209C0029A37F /* AppDelegate.m in Sources */,
				6D3C00981DD066260029A37F /* CXNetworkingTool.m in Sources */,
				6D3C00551DD023020029A37F /* UIViewController+CXViewController.m in Sources */,
				6D3C00521DD023020029A37F /* NSString+CXString.m in Sources */,
				6D3C006A1DD023020029A37F /* JSONKit.m in Sources */,
				6D3C005E1DD023020029A37F /* YYViewPicturesZoomScrollView.m in Sources */,
				6D3C00541DD023020029A37F /* UIView+CXView.m in Sources */,
				6D34357C1DD4478D00EF90E3 /* CXSearchHouseCell.m in Sources */,
				6D3C00481DD023020029A37F /* CXBaseLabel.m in Sources */,
				6D3C009C1DD068870029A37F /* CXUpImageFunctionView.m in Sources */,
				6D3435881DD4863D00EF90E3 /* CXLoginInputView.m in Sources */,
				6D3C007C1DD02A450029A37F /* CXMessageViewController.m in Sources */,
				6D3C006D1DD023020029A37F /* UIScrollView+TPKeyboardAvoidingAdditions.m in Sources */,
				6D3C004C1DD023020029A37F /* CXBaseTableViewCell.m in Sources */,
				6D3C004D1DD023020029A37F /* CXBaseTextField.m in Sources */,
				6D3C00731DD029340029A37F /* CXRootViewController.m in Sources */,
				6D3C004F1DD023020029A37F /* CXBaseViewController.m in Sources */,
				6D3C00511DD023020029A37F /* NSMutableDictionary+CXMutableDictionary.m in Sources */,
				6D3C009F1DD06F850029A37F /* CXHomeCityMarketCell.m in Sources */,
				6D3C00581DD023020029A37F /* CXInsetsField.m in Sources */,
				6D3C00991DD066260029A37F /* CXProcessDataTool.m in Sources */,
				6D8CEC0A1DD5A89C0048F800 /* CXHouseMessageCell.m in Sources */,
				6D3C00501DD023020029A37F /* NSDate+CXDate.m in Sources */,
				6D3C00861DD05A710029A37F /* CXHomeSearchView.m in Sources */,
				6D3C00461DD023020029A37F /* CXBaseDataModel.m in Sources */,
				6D3C00621DD023020029A37F /* GWLPhotoGroupDetailController.m in Sources */,
				6D3C00B41DD095A80029A37F /* CXSearchHouseViewController.m in Sources */,
				6D3C00631DD023020029A37F /* GWLPhotoGroupTableViewController.m in Sources */,
				6D3C00A91DD07F1F0029A37F /* CXMineHeaderView.m in Sources */,
				6D3C00961DD066260029A37F /* CXGetDataTool.m in Sources */,
				6D8CEC061DD56CCC0048F800 /* CXHouseDetailViewController.m in Sources */,
				6D3C00971DD066260029A37F /* CXGlobalTool.m in Sources */,
				6D8CEC101DD5C9A80048F800 /* CXHouseVerifyHeaderView.m in Sources */,
				6D3CFFD01DD0209C0029A37F /* main.m in Sources */,
				6D3C007F1DD02A4B0029A37F /* CXMineViewController.m in Sources */,
				6D3C004B1DD023020029A37F /* CXBaseTableView.m in Sources */,
				6D8CEC0D1DD5BBEA0048F800 /* CXHouseTapLabel.m in Sources */,
				6D3C00531DD023020029A37F /* UIImageView+CXWebImageView.m in Sources */,
				6D3C00891DD05ECD0029A37F /* CXHomeFunctionCell.m in Sources */,
				6D3C00831DD031B20029A37F /* CXHomeNavigationBarView.m in Sources */,
				6D3435841DD46D4500EF90E3 /* CXLoginViewController.m in Sources */,
				6D3C008C1DD05F780029A37F /* CXLeftImageFunctionView.m in Sources */,
				6D3C00AC1DD081990029A37F /* CXMineNormalCell.m in Sources */,
				6D3C00491DD023020029A37F /* CXBaseNavigationController.m in Sources */,
			);
			runOnlyForDeploymentPostprocessing = 0;
		};
/* End PBXSourcesBuildPhase section */

/* Begin XCBuildConfiguration section */
		6D3CFFE01DD0209C0029A37F /* Debug */ = {
			isa = XCBuildConfiguration;
			buildSettings = {
				ALWAYS_SEARCH_USER_PATHS = NO;
				CLANG_ANALYZER_NONNULL = YES;
				CLANG_CXX_LANGUAGE_STANDARD = "gnu++0x";
				CLANG_CXX_LIBRARY = "libc++";
				CLANG_ENABLE_MODULES = YES;
				CLANG_ENABLE_OBJC_ARC = YES;
				CLANG_WARN_BOOL_CONVERSION = YES;
				CLANG_WARN_CONSTANT_CONVERSION = YES;
				CLANG_WARN_DIRECT_OBJC_ISA_USAGE = YES_ERROR;
				CLANG_WARN_DOCUMENTATION_COMMENTS = YES;
				CLANG_WARN_EMPTY_BODY = YES;
				CLANG_WARN_ENUM_CONVERSION = YES;
				CLANG_WARN_INFINITE_RECURSION = YES;
				CLANG_WARN_INT_CONVERSION = YES;
				CLANG_WARN_OBJC_ROOT_CLASS = YES_ERROR;
				CLANG_WARN_SUSPICIOUS_MOVES = YES;
				CLANG_WARN_UNREACHABLE_CODE = YES;
				CLANG_WARN__DUPLICATE_METHOD_MATCH = YES;
				"CODE_SIGN_IDENTITY[sdk=iphoneos*]" = "iPhone Developer";
				COPY_PHASE_STRIP = NO;
				DEBUG_INFORMATION_FORMAT = dwarf;
				ENABLE_STRICT_OBJC_MSGSEND = YES;
				ENABLE_TESTABILITY = YES;
				GCC_C_LANGUAGE_STANDARD = gnu99;
				GCC_DYNAMIC_NO_PIC = NO;
				GCC_NO_COMMON_BLOCKS = YES;
				GCC_OPTIMIZATION_LEVEL = 0;
				GCC_PREPROCESSOR_DEFINITIONS = (
					"DEBUG=1",
					"$(inherited)",
				);
				GCC_WARN_64_TO_32_BIT_CONVERSION = YES;
				GCC_WARN_ABOUT_RETURN_TYPE = YES_ERROR;
				GCC_WARN_UNDECLARED_SELECTOR = YES;
				GCC_WARN_UNINITIALIZED_AUTOS = YES_AGGRESSIVE;
				GCC_WARN_UNUSED_FUNCTION = YES;
				GCC_WARN_UNUSED_VARIABLE = YES;
				IPHONEOS_DEPLOYMENT_TARGET = 10.0;
				MTL_ENABLE_DEBUG_INFO = YES;
				ONLY_ACTIVE_ARCH = YES;
				SDKROOT = iphoneos;
			};
			name = Debug;
		};
		6D3CFFE11DD0209C0029A37F /* Release */ = {
			isa = XCBuildConfiguration;
			buildSettings = {
				ALWAYS_SEARCH_USER_PATHS = NO;
				CLANG_ANALYZER_NONNULL = YES;
				CLANG_CXX_LANGUAGE_STANDARD = "gnu++0x";
				CLANG_CXX_LIBRARY = "libc++";
				CLANG_ENABLE_MODULES = YES;
				CLANG_ENABLE_OBJC_ARC = YES;
				CLANG_WARN_BOOL_CONVERSION = YES;
				CLANG_WARN_CONSTANT_CONVERSION = YES;
				CLANG_WARN_DIRECT_OBJC_ISA_USAGE = YES_ERROR;
				CLANG_WARN_DOCUMENTATION_COMMENTS = YES;
				CLANG_WARN_EMPTY_BODY = YES;
				CLANG_WARN_ENUM_CONVERSION = YES;
				CLANG_WARN_INFINITE_RECURSION = YES;
				CLANG_WARN_INT_CONVERSION = YES;
				CLANG_WARN_OBJC_ROOT_CLASS = YES_ERROR;
				CLANG_WARN_SUSPICIOUS_MOVES = YES;
				CLANG_WARN_UNREACHABLE_CODE = YES;
				CLANG_WARN__DUPLICATE_METHOD_MATCH = YES;
				"CODE_SIGN_IDENTITY[sdk=iphoneos*]" = "iPhone Developer";
				COPY_PHASE_STRIP = NO;
				DEBUG_INFORMATION_FORMAT = "dwarf-with-dsym";
				ENABLE_NS_ASSERTIONS = NO;
				ENABLE_STRICT_OBJC_MSGSEND = YES;
				GCC_C_LANGUAGE_STANDARD = gnu99;
				GCC_NO_COMMON_BLOCKS = YES;
				GCC_WARN_64_TO_32_BIT_CONVERSION = YES;
				GCC_WARN_ABOUT_RETURN_TYPE = YES_ERROR;
				GCC_WARN_UNDECLARED_SELECTOR = YES;
				GCC_WARN_UNINITIALIZED_AUTOS = YES_AGGRESSIVE;
				GCC_WARN_UNUSED_FUNCTION = YES;
				GCC_WARN_UNUSED_VARIABLE = YES;
				IPHONEOS_DEPLOYMENT_TARGET = 10.0;
				MTL_ENABLE_DEBUG_INFO = NO;
				SDKROOT = iphoneos;
				VALIDATE_PRODUCT = YES;
			};
			name = Release;
		};
		6D3CFFE31DD0209C0029A37F /* Debug */ = {
			isa = XCBuildConfiguration;
			baseConfigurationReference = 6C1DA4296E82D2C682861CFD /* Pods-FindHouse.debug.xcconfig */;
			buildSettings = {
				ASSETCATALOG_COMPILER_APPICON_NAME = AppIcon;
				ASSETCATALOG_COMPILER_LAUNCHIMAGE_NAME = LaunchImage;
				DEVELOPMENT_TEAM = Y5U72WMB9Q;
				GCC_PREFIX_HEADER = "$(SRCROOT)/FindHouse/Resource/FindHouse.pch";
				INFOPLIST_FILE = FindHouse/Info.plist;
				IPHONEOS_DEPLOYMENT_TARGET = 8.0;
				LD_RUNPATH_SEARCH_PATHS = "$(inherited) @executable_path/Frameworks";
				PRODUCT_BUNDLE_IDENTIFIER = com.cx.FindHouse;
				PRODUCT_NAME = "$(TARGET_NAME)";
			};
			name = Debug;
		};
		6D3CFFE41DD0209C0029A37F /* Release */ = {
			isa = XCBuildConfiguration;
			baseConfigurationReference = A1859065457F7700C0A39F4F /* Pods-FindHouse.release.xcconfig */;
			buildSettings = {
				ASSETCATALOG_COMPILER_APPICON_NAME = AppIcon;
				ASSETCATALOG_COMPILER_LAUNCHIMAGE_NAME = LaunchImage;
				DEVELOPMENT_TEAM = Y5U72WMB9Q;
				GCC_PREFIX_HEADER = "$(SRCROOT)/FindHouse/Resource/FindHouse.pch";
				INFOPLIST_FILE = FindHouse/Info.plist;
				IPHONEOS_DEPLOYMENT_TARGET = 8.0;
				LD_RUNPATH_SEARCH_PATHS = "$(inherited) @executable_path/Frameworks";
				PRODUCT_BUNDLE_IDENTIFIER = com.cx.FindHouse;
				PRODUCT_NAME = "$(TARGET_NAME)";
			};
			name = Release;
		};
/* End XCBuildConfiguration section */

/* Begin XCConfigurationList section */
		6D3CFFC61DD0209B0029A37F /* Build configuration list for PBXProject "FindHouse" */ = {
			isa = XCConfigurationList;
			buildConfigurations = (
				6D3CFFE01DD0209C0029A37F /* Debug */,
				6D3CFFE11DD0209C0029A37F /* Release */,
			);
			defaultConfigurationIsVisible = 0;
			defaultConfigurationName = Release;
		};
		6D3CFFE21DD0209C0029A37F /* Build configuration list for PBXNativeTarget "FindHouse" */ = {
			isa = XCConfigurationList;
			buildConfigurations = (
				6D3CFFE31DD0209C0029A37F /* Debug */,
				6D3CFFE41DD0209C0029A37F /* Release */,
			);
			defaultConfigurationIsVisible = 0;
			defaultConfigurationName = Release;
		};
/* End XCConfigurationList section */
	};
	rootObject = 6D3CFFC31DD0209B0029A37F /* Project object */;
}
